hash: 7106b4855c8488caaceb9f30eb5ff9b8c965533b64dfaf10660e645ccf02e478
updated: 2016-11-03T18:17:29.166381953Z
imports:
- name: github.com/coreos/pkg
  version: 2c77715c4df99b5420ffcae14ead08f52104065d
  subpackages:
  - flagutil
- name: github.com/mobomo/goamz
  version: 996fa24ad4f98ada20d601a4363bac0bd50de31a
  subpackages:
  - aws
testImports: []
